Microsoft Visual Studio Solution File, Format Version 12.00
# Visual Studio 14
VisualStudioVersion = 14.0.25420.1
MinimumVisualStudioVersion = 10.0.40219.1
Project("{FAE04EC0-301F-11D3-BF4B-00C04F79EFBC}") = "CFBSharp", "src\CFBSharp\CFBSharp.csproj", "{C3291817-C379-45A2-AD65-C28FDC5BF8CB}"
EndProject
Global
	GlobalSection(SolutionConfigurationPlatforms) = preSolution
		Debug|Any CPU = Debug|Any CPU
		Release|Any CPU = Release|Any CPU
	EndGlobalSection
	GlobalSection(ProjectConfigurationPlatforms) = postSolution
		{C3291817-C379-45A2-AD65-C28FDC5BF8CB}.Debug|Any CPU.ActiveCfg = Debug|Any CPU
		{C3291817-C379-45A2-AD65-C28FDC5BF8CB}.Debug|Any CPU.Build.0 = Debug|Any CPU
		{C3291817-C379-45A2-AD65-C28FDC5BF8CB}.Release|Any CPU.ActiveCfg = Release|Any CPU
		{C3291817-C379-45A2-AD65-C28FDC5BF8CB}.Release|Any CPU.Build.0 = Release|Any CPU
		{19F1DEBC-DE5E-4517-8062-F000CD499087}.Debug|Any CPU.ActiveCfg = Debug|Any CPU
		{19F1DEBC-DE5E-4517-8062-F000CD499087}.Debug|Any CPU.Build.0 = Debug|Any CPU
		{19F1DEBC-DE5E-4517-8062-F000CD499087}.Release|Any CPU.ActiveCfg = Release|Any CPU
		{19F1DEBC-DE5E-4517-8062-F000CD499087}.Release|Any CPU.Build.0 = Release|Any CPU
	EndGlobalSection
	GlobalSection(SolutionProperties) = preSolution
		HideSolutionNode = FALSE
	EndGlobalSection
EndGlobal